// !$*UTF8*$!
{
	archiveVersion = 1;
	classes = {
	};
	objectVersion = 77;
	objects = {

/* Begin PBXContainerItemProxy section */
		11E334DA2EFE0C1E0095E94A /* PBXContainerItemProxy */ = {
			isa = PBXContainerItemProxy;
			containerPortal = 11E334C12EFE0C1B0095E94A /* Project object */;
			proxyType = 1;
			remoteGlobalIDString = 11E334C82EFE0C1B0095E94A;
			remoteInfo = SimpleTouchEffectsApp;
		};
		11E334E42EFE0C1E0095E94A /* PBXContainerItemProxy */ = {
			isa = PBXContainerItemProxy;
			containerPortal = 11E334C12EFE0C1B0095E94A /* Project object */;
			proxyType = 1;
			remoteGlobalIDString = 11E334C82EFE0C1B0095E94A;
			remoteInfo = SimpleTouchEffectsApp;
		};
/* End PBXContainerItemProxy section */

/* Begin PBXFileReference section */
		11E334C92EFE0C1C0095E94A /* SimpleTouchEffectsApp.app */ = {isa = PBXFileReference; explicitFileType = wrapper.application; includeInIndex = 0; path = SimpleTouchEffectsApp.app; sourceTree = BUILT_PRODUCTS_DIR; };
		11E334D92EFE0C1E0095E94A /* SimpleTouchEffectsAppTests.xctest */ = {isa = PBXFileReference; explicitFileType = wrapper.cfbundle; includeInIndex = 0; path = SimpleTouchEffectsAppTests.xctest; sourceTree = BUILT_PRODUCTS_DIR; };
		11E334E32EFE0C1E0095E94A /* SimpleTouchEffectsAppUITests.xctest */ = {isa = PBXFileReference; explicitFileType = wrapper.cfbundle; includeInIndex = 0; path = SimpleTouchEffectsAppUITests.xctest; sourceTree = BUILT_PRODUCTS_DIR; };
/* End PBXFileReference section */

/* Begin PBXFileSystemSynchronizedRootGroup section */
		11E334CB2EFE0C1C0095E94A /* SimpleTouchEffectsApp */ = {
			isa = PBXFileSystemSynchronizedRootGroup;
			path = SimpleTouchEffectsApp;
			sourceTree = "<group>";
		};
		11E334DC2EFE0C1E0095E94A /* SimpleTouchEffectsAppTests */ = {
			isa = PBXFileSystemSynchronizedRootGroup;
			path = SimpleTouchEffectsAppTests;
			sourceTree = "<group>";
		};
		11E334E62EFE0C1E0095E94A /* SimpleTouchEffectsAppUITests */ = {
			isa = PBXFileSystemSynchronizedRootGroup;
			path = SimpleTouchEffectsAppUITests;
			sourceTree = "<group>";
		};
/* End PBXFileSystemSynchronizedRootGroup section */

/* Begin PBXFrameworksBuildPhase section */
		11E334C62EFE0C1B0095E94A /* Frameworks */ = {
			isa = PBXFrameworksBuildPhase;
			buildActionMask = 2147483647;
			files = (
			);
			runOnlyForDeploymentPostprocessing = 0;
		};
		11E334D62EFE0C1E0095E94A /* Frameworks */ = {
			isa = PBXFrameworksBuildPhase;
			buildActionMask = 2147483647;
			files = (
			);
			runOnlyForDeploymentPostprocessing = 0;
		};
		11E334E02EFE0C1E0095E94A /* Frameworks */ = {
			isa = PBXFrameworksBuildPhase;
			buildActionMask = 2147483647;
			files = (
			);
			runOnlyForDeploymentPostprocessing = 0;
		};
/* End PBXFrameworksBuildPhase section */

/* Begin PBXGroup section */
		11E334C02EFE0C1B0095E94A = {
			isa = PBXGroup;
			children = (
				11E334CB2EFE0C1C0095E94A /* SimpleTouchEffectsApp */,
				11E334DC2EFE0C1E0095E94A /* SimpleTouchEffectsAppTests */,
				11E334E62EFE0C1E0095E94A /* SimpleTouchEffectsAppUITests */,
				11E334CA2EFE0C1C0095E94A /* Products */,
			);
			sourceTree = "<group>";
		};
		11E334CA2EFE0C1C0095E94A /* Products */ = {
			isa = PBXGroup;
			children = (
				11E334C92EFE0C1C0095E94A /* SimpleTouchEffectsApp.app */,
				11E334D92EFE0C1E0095E94A /* SimpleTouchEffectsAppTests.xctest */,
				11E334E32EFE0C1E0095E94A /* SimpleTouchEffectsAppUITests.xctest */,
			);
			name = Products;
			sourceTree = "<group>";
		};
/* End PBXGroup section */

/* Begin PBXNativeTarget section */
		11E334C82EFE0C1B0095E94A /* SimpleTouchEffectsApp */ = {
			isa = PBXNativeTarget;
			buildConfigurationList = 11E334ED2EFE0C1E0095E94A /* Build configuration list for PBXNativeTarget "SimpleTouchEffectsApp" */;
			buildPhases = (
				11E334C52EFE0C1B0095E94A /* Sources */,
				11E334C62EFE0C1B0095E94A /* Frameworks */,
				11E334C72EFE0C1B0095E94A /* Resources */,
			);
			buildRules = (
			);
			dependencies = (
			);
			fileSystemSynchronizedGroups = (
				11E334CB2EFE0C1C0095E94A /* SimpleTouchEffectsApp */,
			);
			name = SimpleTouchEffectsApp;
			packageProductDependencies = (
			);
			productName = SimpleTouchEffectsApp;
			productReference = 11E334C92EFE0C1C0095E94A /* SimpleTouchEffectsApp.app */;
			productType = "com.apple.product-type.application";
		};
		11E334D82EFE0C1E0095E94A /* SimpleTouchEffectsAppTests */ = {
			isa = PBXNativeTarget;
			buildConfigurationList = 11E334F02EFE0C1E0095E94A /* Build configuration list for PBXNativeTarget "SimpleTouchEffectsAppTests" */;
			buildPhases = (
				11E334D52EFE0C1E0095E94A /* Sources */,
				11E334D62EFE0C1E0095E94A /* Frameworks */,
				11E334D72EFE0C1E0095E94A /* Resources */,
			);
			buildRules = (
			);
			dependencies = (
				11E334DB2EFE0C1E0095E94A /* PBXTargetDependency */,
			);
			fileSystemSynchronizedGroups = (
				11E334DC2EFE0C1E0095E94A /* SimpleTouchEffectsAppTests */,
			);
			name = SimpleTouchEffectsAppTests;
			packageProductDependencies = (
			);
			productName = SimpleTouchEffectsAppTests;
			productReference = 11E334D92EFE0C1E0095E94A /* SimpleTouchEffectsAppTests.xctest */;
			productType = "com.apple.product-type.bundle.unit-test";
		};
		11E334E22EFE0C1E0095E94A /* SimpleTouchEffectsAppUITests */ = {
			isa = PBXNativeTarget;
			buildConfigurationList = 11E334F32EFE0C1E0095E94A /* Build configuration list for PBXNativeTarget "SimpleTouchEffectsAppUITests" */;
			buildPhases = (
				11E334DF2EFE0C1E0095E94A /* Sources */,
				11E334E02EFE0C1E0095E94A /* Frameworks */,
				11E334E12EFE0C1E0095E94A /* Resources */,
			);
			buildRules = (
			);
			dependencies = (
				11E334E52EFE0C1E0095E94A /* PBXTargetDependency */,
			);
			fileSystemSynchronizedGroups = (
				11E334E62EFE0C1E0095E94A /* SimpleTouchEffectsAppUITests */,
			);
			name = SimpleTouchEffectsAppUITests;
			packageProductDependencies = (
			);
			productName = SimpleTouchEffectsAppUITests;
			productReference = 11E334E32EFE0C1E0095E94A /* SimpleTouchEffectsAppUITests.xctest */;
			productType = "com.apple.product-type.bundle.ui-testing";
		};
/* End PBXNativeTarget section */

/* Begin PBXProject section */
		11E334C12EFE0C1B0095E94A /* Project object */ = {
			isa = PBXProject;
			attributes = {
				BuildIndependentTargetsInParallel = 1;
				LastSwiftUpdateCheck = 1620;
				LastUpgradeCheck = 1620;
				TargetAttributes = {
					11E334C82EFE0C1B0095E94A = {
						CreatedOnToolsVersion = 16.2;
					};
					11E334D82EFE0C1E0095E94A = {
						CreatedOnToolsVersion = 16.2;
						TestTargetID = 11E334C82EFE0C1B0095E94A;
					};
					11E334E22EFE0C1E0095E94A = {
						CreatedOnToolsVersion = 16.2;
						TestTargetID = 11E334C82EFE0C1B0095E94A;
					};
				};
			};
			buildConfigurationList = 11E334C42EFE0C1B0095E94A /* Build configuration list for PBXProject "SimpleTouchEffectsApp" */;
			developmentRegion = en;
			hasScannedForEncodings = 0;
			knownRegions = (
				en,
				Base,
			);
			mainGroup = 11E334C02EFE0C1B0095E94A;
			minimizedProjectReferenceProxies = 1;
			preferredProjectObjectVersion = 77;
			productRefGroup = 11E334CA2EFE0C1C0095E94A /* Products */;
			projectDirPath = "";
			projectRoot = "";
			targets = (
				11E334C82EFE0C1B0095E94A /* SimpleTouchEffectsApp */,
				11E334D82EFE0C1E0095E94A /* SimpleTouchEffectsAppTests */,
				11E334E22EFE0C1E0095E94A /* SimpleTouchEffectsAppUITests */,
			);
		};
/* End PBXProject section */

/* Begin PBXResourcesBuildPhase section */
		11E334C72EFE0C1B0095E94A /* Resources */ = {
			isa = PBXResourcesBuildPhase;
			buildActionMask = 2147483647;
			files = (
			);
			runOnlyForDeploymentPostprocessing = 0;
		};
		11E334D72EFE0C1E0095E94A /* Resources */ = {
			isa = PBXResourcesBuildPhase;
			buildActionMask = 2147483647;
			files = (
			);
			runOnlyForDeploymentPostprocessing = 0;
		};
		11E334E12EFE0C1E0095E94A /* Resources */ = {
			isa = PBXResourcesBuildPhase;
			buildActionMask = 2147483647;
			files = (
			);
			runOnlyForDeploymentPostprocessing = 0;
		};
/* End PBXResourcesBuildPhase section */

/* Begin PBXSourcesBuildPhase section */
		11E334C52EFE0C1B0095E94A /* Sources */ = {
			isa = PBXSourcesBuildPhase;
			buildActionMask = 2147483647;
			files = (
			);
			runOnlyForDeploymentPostprocessing = 0;
		};
		11E334D52EFE0C1E0095E94A /* Sources */ = {
			isa = PBXSourcesBuildPhase;
			buildActionMask = 2147483647;
			files = (
			);
			runOnlyForDeploymentPostprocessing = 0;
		};
		11E334DF2EFE0C1E0095E94A /* Sources */ = {
			isa = PBXSourcesBuildPhase;
			buildActionMask = 2147483647;
			files = (
			);
			runOnlyForDeploymentPostprocessing = 0;
		};
/* End PBXSourcesBuildPhase section */

/* Begin PBXTargetDependency section */
		11E334DB2EFE0C1E0095E94A /* PBXTargetDependency */ = {
			isa = PBXTargetDependency;
			target = 11E334C82EFE0C1B0095E94A /* SimpleTouchEffectsApp */;
			targetProxy = 11E334DA2EFE0C1E0095E94A /* PBXContainerItemProxy */;
		};
		11E334E52EFE0C1E0095E94A /* PBXTargetDependency */ = {
			isa = PBXTargetDependency;
			target = 11E334C82EFE0C1B0095E94A /* SimpleTouchEffectsApp */;
			targetProxy = 11E334E42EFE0C1E0095E94A /* PBXContainerItemProxy */;
		};
/* End PBXTargetDependency section */

/* Begin XCBuildConfiguration section */
		11E334EB2EFE0C1E0095E94A /* Debug */ = {
			isa = XCBuildConfiguration;
			buildSettings = {
				ALWAYS_SEARCH_USER_PATHS = NO;
				ASSETCATALOG_COMPILER_GENERATE_SWIFT_ASSET_SYMBOL_EXTENSIONS = YES;
				CLANG_ANALYZER_NONNULL = YES;
				CLANG_ANALYZER_NUMBER_OBJECT_CONVERSION = YES_AGGRESSIVE;
				CLANG_CXX_LANGUAGE_STANDARD = "gnu++20";
				CLANG_ENABLE_MODULES = YES;
				CLANG_ENABLE_OBJC_ARC = YES;
				CLANG_ENABLE_OBJC_WEAK = YES;
				CLANG_WARN_BLOCK_CAPTURE_AUTORELEASING = YES;
				CLANG_WARN_BOOL_CONVERSION = YES;
				CLANG_WARN_COMMA = YES;
				CLANG_WARN_CONSTANT_CONVERSION = YES;
				CLANG_WARN_DEPRECATED_OBJC_IMPLEMENTATIONS = YES;
				CLANG_WARN_DIRECT_OBJC_ISA_USAGE = YES_ERROR;
				CLANG_WARN_DOCUMENTATION_COMMENTS = YES;
				CLANG_WARN_EMPTY_BODY = YES;
				CLANG_WARN_ENUM_CONVERSION = YES;
				CLANG_WARN_INFINITE_RECURSION = YES;
				CLANG_WARN_INT_CONVERSION = YES;
				CLANG_WARN_NON_LITERAL_NULL_CONVERSION = YES;
				CLANG_WARN_OBJC_IMPLICIT_RETAIN_SELF = YES;
				CLANG_WARN_OBJC_LITERAL_CONVERSION = YES;
				CLANG_WARN_OBJC_ROOT_CLASS = YES_ERROR;
				CLANG_WARN_QUOTED_INCLUDE_IN_FRAMEWORK_HEADER = YES;
				CLANG_WARN_RANGE_LOOP_ANALYSIS = YES;
				CLANG_WARN_STRICT_PROTOTYPES = YES;
				CLANG_WARN_SUSPICIOUS_MOVE = YES;
				CLANG_WARN_UNGUARDED_AVAILABILITY = YES_AGGRESSIVE;
				CLANG_WARN_UNREACHABLE_CODE = YES;
				CLANG_WARN__DUPLICATE_METHOD_MATCH = YES;
				COPY_PHASE_STRIP = NO;
				DEBUG_INFORMATION_FORMAT = dwarf;
				ENABLE_STRICT_OBJC_MSGSEND = YES;
				ENABLE_TESTABILITY = YES;
				ENABLE_USER_SCRIPT_SANDBOXING = YES;
				GCC_C_LANGUAGE_STANDARD = gnu17;
				GCC_DYNAMIC_NO_PIC = NO;
				GCC_NO_COMMON_BLOCKS = YES;
				GCC_OPTIMIZATION_LEVEL = 0;
				GCC_PREPROCESSOR_DEFINITIONS = (
					"DEBUG=1",
					"$(inherited)",
				);
				GCC_WARN_64_TO_32_BIT_CONVERSION = YES;
				GCC_WARN_ABOUT_RETURN_TYPE = YES_ERROR;
				GCC_WARN_UNDECLARED_SELECTOR = YES;
				GCC_WARN_UNINITIALIZED_AUTOS = YES_AGGRESSIVE;
				GCC_WARN_UNUSED_FUNCTION = YES;
				GCC_WARN_UNUSED_VARIABLE = YES;
				IPHONEOS_DEPLOYMENT_TARGET = 18.2;
				LOCALIZATION_PREFERS_STRING_CATALOGS = YES;
				MTL_ENABLE_DEBUG_INFO = INCLUDE_SOURCE;
				MTL_FAST_MATH = YES;
				ONLY_ACTIVE_ARCH = YES;
				SDKROOT = iphoneos;
				SWIFT_ACTIVE_COMPILATION_CONDITIONS = "DEBUG $(inherited)";
				SWIFT_OPTIMIZATION_LEVEL = "-Onone";
			};
			name = Debug;
		};
		11E334EC2EFE0C1E0095E94A /* Release */ = {
			isa = XCBuildConfiguration;
			buildSettings = {
				ALWAYS_SEARCH_USER_PATHS = NO;
				ASSETCATALOG_COMPILER_GENERATE_SWIFT_ASSET_SYMBOL_EXTENSIONS = YES;
				CLANG_ANALYZER_NONNULL = YES;
				CLANG_ANALYZER_NUMBER_OBJECT_CONVERSION = YES_AGGRESSIVE;
				CLANG_CXX_LANGUAGE_STANDARD = "gnu++20";
				CLANG_ENABLE_MODULES = YES;
				CLANG_ENABLE_OBJC_ARC = YES;
				CLANG_ENABLE_OBJC_WEAK = YES;
				CLANG_WARN_BLOCK_CAPTURE_AUTORELEASING = YES;
				CLANG_WARN_BOOL_CONVERSION = YES;
				CLANG_WARN_COMMA = YES;
				CLANG_WARN_CONSTANT_CONVERSION = YES;
				CLANG_WARN_DEPRECATED_OBJC_IMPLEMENTATIONS = YES;
				CLANG_WARN_DIRECT_OBJC_ISA_USAGE = YES_ERROR;
				CLANG_WARN_DOCUMENTATION_COMMENTS = YES;
				CLANG_WARN_EMPTY_BODY = YES;
				CLANG_WARN_ENUM_CONVERSION = YES;
				CLANG_WARN_INFINITE_RECURSION = YES;
				CLANG_WARN_INT_CONVERSION = YES;
				CLANG_WARN_NON_LITERAL_NULL_CONVERSION = YES;
				CLANG_WARN_OBJC_IMPLICIT_RETAIN_SELF = YES;
				CLANG_WARN_OBJC_LITERAL_CONVERSION = YES;
				CLANG_WARN_OBJC_ROOT_CLASS = YES_ERROR;
				CLANG_WARN_QUOTED_INCLUDE_IN_FRAMEWORK_HEADER = YES;
				CLANG_WARN_RANGE_LOOP_ANALYSIS = YES;
				CLANG_WARN_STRICT_PROTOTYPES = YES;
				CLANG_WARN_SUSPICIOUS_MOVE = YES;
				CLANG_WARN_UNGUARDED_AVAILABILITY = YES_AGGRESSIVE;
				CLANG_WARN_UNREACHABLE_CODE = YES;
				CLANG_WARN__DUPLICATE_METHOD_MATCH = YES;
				COPY_PHASE_STRIP = NO;
				DEBUG_INFORMATION_FORMAT = "dwarf-with-dsym";
				ENABLE_NS_ASSERTIONS = NO;
				ENABLE_STRICT_OBJC_MSGSEND = YES;
				ENABLE_USER_SCRIPT_SANDBOXING = YES;
				GCC_C_LANGUAGE_STANDARD = gnu17;
				GCC_NO_COMMON_BLOCKS = YES;
				GCC_WARN_64_TO_32_BIT_CONVERSION = YES;
				GCC_WARN_ABOUT_RETURN_TYPE = YES_ERROR;
				GCC_WARN_UNDECLARED_SELECTOR = YES;
				GCC_WARN_UNINITIALIZED_AUTOS = YES_AGGRESSIVE;
				GCC_WARN_UNUSED_FUNCTION = YES;
				GCC_WARN_UNUSED_VARIABLE = YES;
				IPHONEOS_DEPLOYMENT_TARGET = 18.2;
				LOCALIZATION_PREFERS_STRING_CATALOGS = YES;
				MTL_ENABLE_DEBUG_INFO = NO;
				MTL_FAST_MATH = YES;
				SDKROOT = iphoneos;
				SWIFT_COMPILATION_MODE = wholemodule;
				VALIDATE_PRODUCT = YES;
			};
			name = Release;
		};
		11E334EE2EFE0C1E0095E94A /* Debug */ = {
			isa = XCBuildConfiguration;
			buildSettings = {
				ASSETCATALOG_COMPILER_APPICON_NAME = AppIcon;
				ASSETCATALOG_COMPILER_GLOBAL_ACCENT_COLOR_NAME = AccentColor;
				CODE_SIGN_STYLE = Automatic;
				CURRENT_PROJECT_VERSION = 1;
				DEVELOPMENT_ASSET_PATHS = "\"SimpleTouchEffectsApp/Preview Content\"";
				DEVELOPMENT_TEAM = V93LF4LSAT;
				ENABLE_PREVIEWS = YES;
				GENERATE_INFOPLIST_FILE = YES;
				INFOPLIST_KEY_UIApplicationSceneManifest_Generation = YES;
				INFOPLIST_KEY_UIApplicationSupportsIndirectInputEvents = YES;
				INFOPLIST_KEY_UILaunchScreen_Generation = YES;
				INFOPLIST_KEY_UISupportedInterfaceOrientations_iPad = "UIInterfaceOrientationPortrait UIInterfaceOrientationPortraitUpsideDown UIInterfaceOrientationLandscapeLeft UIInterfaceOrientationLandscapeRight";
				INFOPLIST_KEY_UISupportedInterfaceOrientations_iPhone = "UIInterfaceOrientationPortrait UIInterfaceOrientationLandscapeLeft UIInterfaceOrientationLandscapeRight";
				LD_RUNPATH_SEARCH_PATHS = (
					"$(inherited)",
					"@executable_path/Frameworks",
				);
				MARKETING_VERSION = 1.0;
				PRODUCT_BUNDLE_IDENTIFIER = me.dududu.SimpleTouchEffectsApp;
				PRODUCT_NAME = "$(TARGET_NAME)";
				SWIFT_EMIT_LOC_STRINGS = YES;
				SWIFT_VERSION = 5.0;
				TARGETED_DEVICE_FAMILY = "1,2";
			};
			name = Debug;
		};
		11E334EF2EFE0C1E0095E94A /* Release */ = {
			isa = XCBuildConfiguration;
			buildSettings = {
				ASSETCATALOG_COMPILER_APPICON_NAME = AppIcon;
				ASSETCATALOG_COMPILER_GLOBAL_ACCENT_COLOR_NAME = AccentColor;
				CODE_SIGN_STYLE = Automatic;
				CURRENT_PROJECT_VERSION = 1;
				DEVELOPMENT_ASSET_PATHS = "\"SimpleTouchEffectsApp/Preview Content\"";
				DEVELOPMENT_TEAM = V93LF4LSAT;
				ENABLE_PREVIEWS = YES;
				GENERATE_INFOPLIST_FILE = YES;
				INFOPLIST_KEY_UIApplicationSceneManifest_Generation = YES;
				INFOPLIST_KEY_UIApplicationSupportsIndirectInputEvents = YES;
				INFOPLIST_KEY_UILaunchScreen_Generation = YES;
				INFOPLIST_KEY_UISupportedInterfaceOrientations_iPad = "UIInterfaceOrientationPortrait UIInterfaceOrientationPortraitUpsideDown UIInterfaceOrientationLandscapeLeft UIInterfaceOrientationLandscapeRight";
				INFOPLIST_KEY_UISupportedInterfaceOrientations_iPhone = "UIInterfaceOrientationPortrait UIInterfaceOrientationLandscapeLeft UIInterfaceOrientationLandscapeRight";
				LD_RUNPATH_SEARCH_PATHS = (
					"$(inherited)",
					"@executable_path/Frameworks",
				);
				MARKETING_VERSION = 1.0;
				PRODUCT_BUNDLE_IDENTIFIER = me.dududu.SimpleTouchEffectsApp;
				PRODUCT_NAME = "$(TARGET_NAME)";
				SWIFT_EMIT_LOC_STRINGS = YES;
				SWIFT_VERSION = 5.0;
				TARGETED_DEVICE_FAMILY = "1,2";
			};
			name = Release;
		};
		11E334F12EFE0C1E0095E94A /* Debug */ = {
			isa = XCBuildConfiguration;
			buildSettings = {
				BUNDLE_LOADER = "$(TEST_HOST)";
				CODE_SIGN_STYLE = Automatic;
				CURRENT_PROJECT_VERSION = 1;
				DEVELOPMENT_TEAM = V93LF4LSAT;
				GENERATE_INFOPLIST_FILE = YES;
				IPHONEOS_DEPLOYMENT_TARGET = 18.2;
				MARKETING_VERSION = 1.0;
				PRODUCT_BUNDLE_IDENTIFIER = me.dududu.SimpleTouchEffectsAppTests;
				PRODUCT_NAME = "$(TARGET_NAME)";
				SWIFT_EMIT_LOC_STRINGS = NO;
				SWIFT_VERSION = 5.0;
				TARGETED_DEVICE_FAMILY = "1,2";
				TEST_HOST = "$(BUILT_PRODUCTS_DIR)/SimpleTouchEffectsApp.app/$(BUNDLE_EXECUTABLE_FOLDER_PATH)/SimpleTouchEffectsApp";
			};
			name = Debug;
		};
		11E334F22EFE0C1E0095E94A /* Release */ = {
			isa = XCBuildConfiguration;
			buildSettings = {
				BUNDLE_LOADER = "$(TEST_HOST)";
				CODE_SIGN_STYLE = Automatic;
				CURRENT_PROJECT_VERSION = 1;
				DEVELOPMENT_TEAM = V93LF4LSAT;
				GENERATE_INFOPLIST_FILE = YES;
				IPHONEOS_DEPLOYMENT_TARGET = 18.2;
				MARKETING_VERSION = 1.0;
				PRODUCT_BUNDLE_IDENTIFIER = me.dududu.SimpleTouchEffectsAppTests;
				PRODUCT_NAME = "$(TARGET_NAME)";
				SWIFT_EMIT_LOC_STRINGS = NO;
				SWIFT_VERSION = 5.0;
				TARGETED_DEVICE_FAMILY = "1,2";
				TEST_HOST = "$(BUILT_PRODUCTS_DIR)/SimpleTouchEffectsApp.app/$(BUNDLE_EXECUTABLE_FOLDER_PATH)/SimpleTouchEffectsApp";
			};
			name = Release;
		};
		11E334F42EFE0C1E0095E94A /* Debug */ = {
			isa = XCBuildConfiguration;
			buildSettings = {
				CODE_SIGN_STYLE = Automatic;
				CURRENT_PROJECT_VERSION = 1;
				DEVELOPMENT_TEAM = V93LF4LSAT;
				GENERATE_INFOPLIST_FILE = YES;
				MARKETING_VERSION = 1.0;
				PRODUCT_BUNDLE_IDENTIFIER = me.dududu.SimpleTouchEffectsAppUITests;
				PRODUCT_NAME = "$(TARGET_NAME)";
				SWIFT_EMIT_LOC_STRINGS = NO;
				SWIFT_VERSION = 5.0;
				TARGETED_DEVICE_FAMILY = "1,2";
				TEST_TARGET_NAME = SimpleTouchEffectsApp;
			};
			name = Debug;
		};
		11E334F52EFE0C1E0095E94A /* Release */ = {
			isa = XCBuildConfiguration;
			buildSettings = {
				CODE_SIGN_STYLE = Automatic;
				CURRENT_PROJECT_VERSION = 1;
				DEVELOPMENT_TEAM = V93LF4LSAT;
				GENERATE_INFOPLIST_FILE = YES;
				MARKETING_VERSION = 1.0;
				PRODUCT_BUNDLE_IDENTIFIER = me.dududu.SimpleTouchEffectsAppUITests;
				PRODUCT_NAME = "$(TARGET_NAME)";
				SWIFT_EMIT_LOC_STRINGS = NO;
				SWIFT_VERSION = 5.0;
				TARGETED_DEVICE_FAMILY = "1,2";
				TEST_TARGET_NAME = SimpleTouchEffectsApp;
			};
			name = Release;
		};
/* End XCBuildConfiguration section */

/* Begin XCConfigurationList section */
		11E334C42EFE0C1B0095E94A /* Build configuration list for PBXProject "SimpleTouchEffectsApp" */ = {
			isa = XCConfigurationList;
			buildConfigurations = (
				11E334EB2EFE0C1E0095E94A /* Debug */,
				11E334EC2EFE0C1E0095E94A /* Release */,
			);
			defaultConfigurationIsVisible = 0;
			defaultConfigurationName = Release;
		};
		11E334ED2EFE0C1E0095E94A /* Build configuration list for PBXNativeTarget "SimpleTouchEffectsApp" */ = {
			isa = XCConfigurationList;
			buildConfigurations = (
				11E334EE2EFE0C1E0095E94A /* Debug */,
				11E334EF2EFE0C1E0095E94A /* Release */,
			);
			defaultConfigurationIsVisible = 0;
			defaultConfigurationName = Release;
		};
		11E334F02EFE0C1E0095E94A /* Build configuration list for PBXNativeTarget "SimpleTouchEffectsAppTests" */ = {
			isa = XCConfigurationList;
			buildConfigurations = (
				11E334F12EFE0C1E0095E94A /* Debug */,
				11E334F22EFE0C1E0095E94A /* Release */,
			);
			defaultConfigurationIsVisible = 0;
			defaultConfigurationName = Release;
		};
		11E334F32EFE0C1E0095E94A /* Build configuration list for PBXNativeTarget "SimpleTouchEffectsAppUITests" */ = {
			isa = XCConfigurationList;
			buildConfigurations = (
				11E334F42EFE0C1E0095E94A /* Debug */,
				11E334F52EFE0C1E0095E94A /* Release */,
			);
			defaultConfigurationIsVisible = 0;
			defaultConfigurationName = Release;
		};
/* End XCConfigurationList section */
	};
	rootObject = 11E334C12EFE0C1B0095E94A /* Project object */;
}
